<?xml version="1.0" encoding="UTF-8" standalone="yes" ?>
<CodeBlocks_project_file>
	<FileVersion major="1" minor="6" />
	<Project>
		<Option title="Demo4" />
		<Option pch_mode="2" />
		<Option compiler="gcc" />
		<Build>
			<Target title="Release">
				<Option output="bin/Demo4" prefix_auto="1" extension_auto="1" />
				<Option working_dir="bin" />
				<Option object_output="obj/" />
				<Option type="1" />
				<Option compiler="gcc" />
				<Compiler>
					<Add option="-O2" />
					<Add option="-Wall" />
					<Add option="-std=c++11" />
					<Add directory="External/include" />
				</Compiler>
				<Linker>
					<Add option="-s" />
					<Add option="-lUtility -lHydraExport -lSOIL -lfreeglut -lglu32 -lopengl32 -lgdi32 -lglew32" />
					<Add directory="External/lib" />
					<Add directory="External/lib/win32" />
				</Linker>
			</Target>
		</Build>
		<Compiler>
			<Add option="-fexceptions" />
		</Compiler>
		<Unit filename="main.cpp" />
		<Unit filename="shaders/ComputeEmission.vert" />
		<Unit filename="shaders/ComputeIndirect.vert" />
		<Unit filename="shaders/PrepareBuffers.vert" />
		<Unit filename="shaders/Radiosity.vert" />
		<Extensions>
			<code_completion />
			<envvars />
			<debugger />
			<lib_finder disable_auto="1" />
		</Extensions>
	</Project>
</CodeBlocks_project_file>
