<?xml version="1.0" encoding="UTF-8" standalone="yes" ?>
<CodeBlocks_project_file>
	<FileVersion major="1" minor="6" />
	<Project>
		<Option title="GeometryLib" />
		<Option pch_mode="2" />
		<Option compiler="gcc" />
		<Build>
			<Target title="Release">
				<Option output="../External/lib/GeometryLib" prefix_auto="1" extension_auto="1" />
				<Option working_dir="" />
				<Option object_output="obj/Release/" />
				<Option type="2" />
				<Option compiler="gcc" />
				<Option createDefFile="1" />
				<Compiler>
					<Add option="-Wall" />
					<Add directory="External/include/GeometryLib" />
					<Add directory="GeometryLib/include" />
					<Add directory="include" />
				</Compiler>
			</Target>
		</Build>
		<Compiler>
			<Add option="-O2" />
			<Add directory="../External/include/GeometryLib" />
			<Add directory="../External/include" />
		</Compiler>
		<Linker>
			<Add option="-s" />
		</Linker>
		<Unit filename="../External/include/GeometryLib/Cube.h" />
		<Unit filename="../External/include/GeometryLib/CubeWithPatches.h" />
		<Unit filename="../External/include/GeometryLib/CubeWithTriangles.h" />
		<Unit filename="../External/include/GeometryLib/NewTriangle.h" />
		<Unit filename="../External/include/GeometryLib/Octree.h" />
		<Unit filename="../External/include/GeometryLib/OctreeBaseNode.h" />
		<Unit filename="../External/include/GeometryLib/OctreeLeaf.h" />
		<Unit filename="../External/include/GeometryLib/OctreeNode.h" />
		<Unit filename="../External/include/GeometryLib/OctreeNodeNew.h" />
		<Unit filename="../External/include/GeometryLib/Patch.h" />
		<Unit filename="../External/include/GeometryLib/Polygon.h" />
		<Unit filename="../External/include/GeometryLib/Triangle.h" />
		<Unit filename="../External/include/GeometryLib/Vertex.h" />
		<Unit filename="../External/include/GeometryLib/Volume.h" />
		<Unit filename="src/Cube.cpp" />
		<Unit filename="src/CubeWithPatches.cpp" />
		<Unit filename="src/CubeWithTriangles.cpp" />
		<Unit filename="src/NewTriangle.cpp" />
		<Unit filename="src/Octree.cpp" />
		<Unit filename="src/OctreeLeaf.cpp" />
		<Unit filename="src/OctreeNode.cpp" />
		<Unit filename="src/OctreeNodeNew.cpp" />
		<Unit filename="src/OctreeWithPatches.cpp" />
		<Unit filename="src/OctreeWithTriangles.cpp" />
		<Unit filename="src/Patch.cpp" />
		<Unit filename="src/Polygon.cpp" />
		<Unit filename="src/Triangle.cpp" />
		<Unit filename="src/Volume.cpp" />
		<Extensions>
			<code_completion />
			<envvars />
			<debugger />
		</Extensions>
	</Project>
</CodeBlocks_project_file>
