<?xml version="1.0" encoding="UTF-8" standalone="yes" ?>
<CodeBlocks_project_file>
	<FileVersion major="1" minor="6" />
	<Project>
		<Option title="Utility" />
		<Option pch_mode="2" />
		<Option compiler="gcc" />
		<Build>
			<Target title="Release">
				<Option output="../External/lib/Utility" prefix_auto="1" extension_auto="1" />
				<Option working_dir="" />
				<Option object_output="obj/Release/" />
				<Option type="2" />
				<Option compiler="gcc" />
				<Option createDefFile="1" />
				<Compiler>
					<Add option="-O2" />
					<Add option="-Wall" />
					<Add directory="../External/include/Utility/GL" />
					<Add directory="../External/include" />
					<Add directory="External/include/Utility/VM" />
					<Add directory="External/include/GL" />
					<Add directory="External/include/Utility/GL" />
					<Add directory="External/include/Utility/CL/" />
					<Add directory="External/include/Utility/CL" />
				</Compiler>
				<Linker>
					<Add option="-s" />
				</Linker>
			</Target>
		</Build>
		<Compiler>
			<Add option="-O2" />
			<Add option="-std=c++11" />
			<Add option="-Wall" />
			<Add directory="../External/include/Utility" />
		</Compiler>
		<Linker>
			<Add option="-s" />
		</Linker>
		<Unit filename="../External/include/Utility/CL.h" />
		<Unit filename="../External/include/Utility/CL/Buffer.h" />
		<Unit filename="../External/include/Utility/CL/Kernel.h" />
		<Unit filename="../External/include/Utility/CL/Program.h" />
		<Unit filename="../External/include/Utility/GL.h" />
		<Unit filename="../External/include/Utility/GL/Buffer.h" />
		<Unit filename="../External/include/Utility/GL/Camera.h" />
		<Unit filename="../External/include/Utility/GL/Image.h" />
		<Unit filename="../External/include/Utility/GL/Material.h" />
		<Unit filename="../External/include/Utility/GL/Mesh.h" />
		<Unit filename="../External/include/Utility/GL/PerspectiveViewPoint.h" />
		<Unit filename="../External/include/Utility/GL/RWTexture.h" />
		<Unit filename="../External/include/Utility/GL/ShaderProgram.h" />
		<Unit filename="../External/include/Utility/GL/SpotLightSource.h" />
		<Unit filename="../External/include/Utility/GL/Texture.h" />
		<Unit filename="../External/include/Utility/GL/ViewPoint.h" />
		<Unit filename="../External/include/Utility/Overall.h" />
		<Unit filename="../External/include/Utility/VM/i16vec4.h" />
		<Unit filename="../External/include/Utility/VM/mat4.h" />
		<Unit filename="../External/include/Utility/VM/uvec3.h" />
		<Unit filename="../External/include/Utility/VM/vec2.h" />
		<Unit filename="../External/include/Utility/VM/vec3.h" />
		<Unit filename="../External/include/Utility/VM/vec4.h" />
		<Unit filename="src/Buffer.cpp" />
		<Unit filename="src/CL.cpp" />
		<Unit filename="src/CLBuffer.cpp" />
		<Unit filename="src/Camera.cpp" />
		<Unit filename="src/GL.cpp" />
		<Unit filename="src/Image.cpp" />
		<Unit filename="src/Kernel.cpp" />
		<Unit filename="src/Material.cpp" />
		<Unit filename="src/Mesh.cpp" />
		<Unit filename="src/Overall.cpp" />
		<Unit filename="src/PerspectiveViewPoint.cpp" />
		<Unit filename="src/Program.cpp" />
		<Unit filename="src/RWTexture.cpp" />
		<Unit filename="src/ShaderProgram.cpp" />
		<Unit filename="src/SpotLightSource.cpp" />
		<Unit filename="src/Texture.cpp" />
		<Unit filename="src/ViewPoint.cpp" />
		<Unit filename="src/i16vec4.cpp" />
		<Unit filename="src/mat4.cpp" />
		<Unit filename="src/uvec3.cpp" />
		<Unit filename="src/vec2.cpp" />
		<Unit filename="src/vec3.cpp" />
		<Unit filename="src/vec4.cpp" />
		<Extensions>
			<code_completion />
			<envvars />
			<debugger />
		</Extensions>
	</Project>
</CodeBlocks_project_file>
